
Microsoft Visual Studio Solution File, Format Version 12.00
# Visual Studio Version 17
VisualStudioVersion = 17.14.36429.23 d17.14
MinimumVisualStudioVersion = 10.0.40219.1
Project("{FAE04EC0-301F-11D3-BF4B-00C04F79EFBC}") = "ConsoleApp4", "ConsoleApp4\ConsoleApp4.csproj", "{347F75BA-9D2D-4F14-86E1-A5A35B2BD33C}"
EndProject
Global
	GlobalSection(SolutionConfigurationPlatforms) = preSolution
		Debug|Any CPU = Debug|Any CPU
		Release|Any CPU = Release|Any CPU
	EndGlobalSection
	GlobalSection(ProjectConfigurationPlatforms) = postSolution
		{347F75BA-9D2D-4F14-86E1-A5A35B2BD33C}.Debug|Any CPU.ActiveCfg = Debug|Any CPU
		{347F75BA-9D2D-4F14-86E1-A5A35B2BD33C}.Debug|Any CPU.Build.0 = Debug|Any CPU
		{347F75BA-9D2D-4F14-86E1-A5A35B2BD33C}.Release|Any CPU.ActiveCfg = Release|Any CPU
		{347F75BA-9D2D-4F14-86E1-A5A35B2BD33C}.Release|Any CPU.Build.0 = Release|Any CPU
	EndGlobalSection
	GlobalSection(SolutionProperties) = preSolution
		HideSolutionNode = FALSE
	EndGlobalSection
	GlobalSection(ExtensibilityGlobals) = postSolution
		SolutionGuid = {BF6227B8-84BB-4C19-B21C-AE2E3D16ECE2}
	EndGlobalSection
EndGlobal
